// !$*UTF8*$!
{
	archiveVersion = 1;
	classes = {
	};
	objectVersion = 50;
	objects = {

/* Begin PBXBuildFile section */
		452EEE6324A20686004589BD /* AppDelegate.swift in Sources */ = {isa = PBXBuildFile; fileRef = 452EEE6224A20686004589BD /* AppDelegate.swift */; };
		452EEE6524A20686004589BD /* SceneDelegate.swift in Sources */ = {isa = PBXBuildFile; fileRef = 452EEE6424A20686004589BD /* SceneDelegate.swift */; };
		452EEE6724A20686004589BD /* EmojiMemoryGameView.swift in Sources */ = {isa = PBXBuildFile; fileRef = 452EEE6624A20686004589BD /* EmojiMemoryGameView.swift */; };
		452EEE6924A20688004589BD /* Assets.xcassets in Resources */ = {isa = PBXBuildFile; fileRef = 452EEE6824A20688004589BD /* Assets.xcassets */; };
		452EEE6C24A20688004589BD /* Preview Assets.xcassets in Resources */ = {isa = PBXBuildFile; fileRef = 452EEE6B24A20688004589BD /* Preview Assets.xcassets */; };
		452EEE6F24A20688004589BD /* LaunchScreen.storyboard in Resources */ = {isa = PBXBuildFile; fileRef = 452EEE6D24A20688004589BD /* LaunchScreen.storyboard */; };
		455B7A2F24B4E73100F23EA3 /* Pie.swift in Sources */ = {isa = PBXBuildFile; fileRef = 455B7A2E24B4E73100F23EA3 /* Pie.swift */; };
		455B7A3124B4FB9B00F23EA3 /* Cardify.swift in Sources */ = {isa = PBXBuildFile; fileRef = 455B7A3024B4FB9B00F23EA3 /* Cardify.swift */; };
		455B7A3224B5DCCD00F23EA3 /* MemorizeTests.swift in Sources */ = {isa = PBXBuildFile; fileRef = 452EEE7924A20688004589BD /* MemorizeTests.swift */; };
		455B7A3324B5DCD400F23EA3 /* MemorizeUITests.swift in Sources */ = {isa = PBXBuildFile; fileRef = 452EEE8424A20688004589BD /* MemorizeUITests.swift */; };
		455B7A3724B5DE4700F23EA3 /* MemoryGame.swift in Sources */ = {isa = PBXBuildFile; fileRef = 455B7A3624B5DE4600F23EA3 /* MemoryGame.swift */; };
		456F59F524A52B660043693D /* GridLayout.swift in Sources */ = {isa = PBXBuildFile; fileRef = 456F59F424A52B660043693D /* GridLayout.swift */; };
		456F59F724A543BD0043693D /* Array+Identifiable.swift in Sources */ = {isa = PBXBuildFile; fileRef = 456F59F624A543BD0043693D /* Array+Identifiable.swift */; };
		456F59F924A56DB70043693D /* Array+Only.swift in Sources */ = {isa = PBXBuildFile; fileRef = 456F59F824A56DB70043693D /* Array+Only.swift */; };
		45CA6CE124A23A3000436668 /* EmojiMemoryGame.swift in Sources */ = {isa = PBXBuildFile; fileRef = 45CA6CE024A23A3000436668 /* EmojiMemoryGame.swift */; };
		45CA6CE524A41D9200436668 /* Grid.swift in Sources */ = {isa = PBXBuildFile; fileRef = 45CA6CE424A41D9200436668 /* Grid.swift */; };
/* End PBXBuildFile section */

/* Begin PBXContainerItemProxy section */
		452EEE7624A20688004589BD /* PBXContainerItemProxy */ = {
			isa = PBXContainerItemProxy;
			containerPortal = 452EEE5724A20686004589BD /* Project object */;
			proxyType = 1;
			remoteGlobalIDString = 452EEE5E24A20686004589BD;
			remoteInfo = StanfordSwiftUI;
		};
		452EEE8124A20688004589BD /* PBXContainerItemProxy */ = {
			isa = PBXContainerItemProxy;
			containerPortal = 452EEE5724A20686004589BD /* Project object */;
			proxyType = 1;
			remoteGlobalIDString = 452EEE5E24A20686004589BD;
			remoteInfo = StanfordSwiftUI;
		};
/* End PBXContainerItemProxy section */

/* Begin PBXFileReference section */
		452EEE5F24A20686004589BD /* MemorizeSwiftUI.app */ = {isa = PBXFileReference; explicitFileType = wrapper.application; includeInIndex = 0; path = MemorizeSwiftUI.app; sourceTree = BUILT_PRODUCTS_DIR; };
		452EEE6224A20686004589BD /* AppDelegate.swift */ = {isa = PBXFileReference; lastKnownFileType = sourcecode.swift; path = AppDelegate.swift; sourceTree = "<group>"; };
		452EEE6424A20686004589BD /* SceneDelegate.swift */ = {isa = PBXFileReference; lastKnownFileType = sourcecode.swift; path = SceneDelegate.swift; sourceTree = "<group>"; };
		452EEE6624A20686004589BD /* EmojiMemoryGameView.swift */ = {isa = PBXFileReference; lastKnownFileType = sourcecode.swift; path = EmojiMemoryGameView.swift; sourceTree = "<group>"; };
		452EEE6824A20688004589BD /* Assets.xcassets */ = {isa = PBXFileReference; lastKnownFileType = folder.assetcatalog; path = Assets.xcassets; sourceTree = "<group>"; };
		452EEE6B24A20688004589BD /* Preview Assets.xcassets */ = {isa = PBXFileReference; lastKnownFileType = folder.assetcatalog; path = "Preview Assets.xcassets"; sourceTree = "<group>"; };
		452EEE6E24A20688004589BD /* Base */ = {isa = PBXFileReference; lastKnownFileType = file.storyboard; name = Base; path = Base.lproj/LaunchScreen.storyboard; sourceTree = "<group>"; };
		452EEE7024A20688004589BD /* Info.plist */ = {isa = PBXFileReference; lastKnownFileType = text.plist.xml; path = Info.plist; sourceTree = "<group>"; };
		452EEE7524A20688004589BD /* MemorizeTests.xctest */ = {isa = PBXFileReference; explicitFileType = wrapper.cfbundle; includeInIndex = 0; path = MemorizeTests.xctest; sourceTree = BUILT_PRODUCTS_DIR; };
		452EEE7924A20688004589BD /* MemorizeTests.swift */ = {isa = PBXFileReference; lastKnownFileType = sourcecode.swift; path = MemorizeTests.swift; sourceTree = "<group>"; };
		452EEE7B24A20688004589BD /* Info.plist */ = {isa = PBXFileReference; lastKnownFileType = text.plist.xml; path = Info.plist; sourceTree = "<group>"; };
		452EEE8024A20688004589BD /* MemorizeUITests.xctest */ = {isa = PBXFileReference; explicitFileType = wrapper.cfbundle; includeInIndex = 0; path = MemorizeUITests.xctest; sourceTree = BUILT_PRODUCTS_DIR; };
		452EEE8424A20688004589BD /* MemorizeUITests.swift */ = {isa = PBXFileReference; lastKnownFileType = sourcecode.swift; path = MemorizeUITests.swift; sourceTree = "<group>"; };
		452EEE8624A20688004589BD /* Info.plist */ = {isa = PBXFileReference; lastKnownFileType = text.plist.xml; path = Info.plist; sourceTree = "<group>"; };
		455B7A2E24B4E73100F23EA3 /* Pie.swift */ = {isa = PBXFileReference; lastKnownFileType = sourcecode.swift; path = Pie.swift; sourceTree = "<group>"; };
		455B7A3024B4FB9B00F23EA3 /* Cardify.swift */ = {isa = PBXFileReference; lastKnownFileType = sourcecode.swift; path = Cardify.swift; sourceTree = "<group>"; };
		455B7A3624B5DE4600F23EA3 /* MemoryGame.swift */ = {isa = PBXFileReference; fileEncoding = 4; lastKnownFileType = sourcecode.swift; path = MemoryGame.swift; sourceTree = "<group>"; };
		456F59F424A52B660043693D /* GridLayout.swift */ = {isa = PBXFileReference; fileEncoding = 4; lastKnownFileType = sourcecode.swift; path = GridLayout.swift; sourceTree = "<group>"; };
		456F59F624A543BD0043693D /* Array+Identifiable.swift */ = {isa = PBXFileReference; lastKnownFileType = sourcecode.swift; path = "Array+Identifiable.swift"; sourceTree = "<group>"; };
		456F59F824A56DB70043693D /* Array+Only.swift */ = {isa = PBXFileReference; lastKnownFileType = sourcecode.swift; path = "Array+Only.swift"; sourceTree = "<group>"; };
		45CA6CE024A23A3000436668 /* EmojiMemoryGame.swift */ = {isa = PBXFileReference; lastKnownFileType = sourcecode.swift; path = EmojiMemoryGame.swift; sourceTree = "<group>"; };
		45CA6CE424A41D9200436668 /* Grid.swift */ = {isa = PBXFileReference; lastKnownFileType = sourcecode.swift; path = Grid.swift; sourceTree = "<group>"; };
/* End PBXFileReference section */

/* Begin PBXFrameworksBuildPhase section */
		452EEE5C24A20686004589BD /* Frameworks */ = {
			isa = PBXFrameworksBuildPhase;
			buildActionMask = 2147483647;
			files = (
			);
			runOnlyForDeploymentPostprocessing = 0;
		};
		452EEE7224A20688004589BD /* Frameworks */ = {
			isa = PBXFrameworksBuildPhase;
			buildActionMask = 2147483647;
			files = (
			);
			runOnlyForDeploymentPostprocessing = 0;
		};
		452EEE7D24A20688004589BD /* Frameworks */ = {
			isa = PBXFrameworksBuildPhase;
			buildActionMask = 2147483647;
			files = (
			);
			runOnlyForDeploymentPostprocessing = 0;
		};
/* End PBXFrameworksBuildPhase section */

/* Begin PBXGroup section */
		452EEE5624A20686004589BD = {
			isa = PBXGroup;
			children = (
				452EEE6124A20686004589BD /* MemorizeSwiftUI */,
				452EEE7824A20688004589BD /* MemorizeTests */,
				452EEE8324A20688004589BD /* MemorizeUITests */,
				452EEE6024A20686004589BD /* Products */,
			);
			sourceTree = "<group>";
		};
		452EEE6024A20686004589BD /* Products */ = {
			isa = PBXGroup;
			children = (
				452EEE5F24A20686004589BD /* MemorizeSwiftUI.app */,
				452EEE7524A20688004589BD /* MemorizeTests.xctest */,
				452EEE8024A20688004589BD /* MemorizeUITests.xctest */,
			);
			name = Products;
			sourceTree = "<group>";
		};
		452EEE6124A20686004589BD /* MemorizeSwiftUI */ = {
			isa = PBXGroup;
			children = (
				455B7A3624B5DE4600F23EA3 /* MemoryGame.swift */,
				452EEE6224A20686004589BD /* AppDelegate.swift */,
				452EEE6424A20686004589BD /* SceneDelegate.swift */,
				452EEE6624A20686004589BD /* EmojiMemoryGameView.swift */,
				455B7A3024B4FB9B00F23EA3 /* Cardify.swift */,
				455B7A2E24B4E73100F23EA3 /* Pie.swift */,
				456F59F424A52B660043693D /* GridLayout.swift */,
				45CA6CE424A41D9200436668 /* Grid.swift */,
				456F59F624A543BD0043693D /* Array+Identifiable.swift */,
				45CA6CE024A23A3000436668 /* EmojiMemoryGame.swift */,
				456F59F824A56DB70043693D /* Array+Only.swift */,
				452EEE6824A20688004589BD /* Assets.xcassets */,
				452EEE6D24A20688004589BD /* LaunchScreen.storyboard */,
				452EEE7024A20688004589BD /* Info.plist */,
				452EEE6A24A20688004589BD /* Preview Content */,
			);
			path = MemorizeSwiftUI;
			sourceTree = "<group>";
		};
		452EEE6A24A20688004589BD /* Preview Content */ = {
			isa = PBXGroup;
			children = (
				452EEE6B24A20688004589BD /* Preview Assets.xcassets */,
			);
			path = "Preview Content";
			sourceTree = "<group>";
		};
		452EEE7824A20688004589BD /* MemorizeTests */ = {
			isa = PBXGroup;
			children = (
				452EEE7924A20688004589BD /* MemorizeTests.swift */,
				452EEE7B24A20688004589BD /* Info.plist */,
			);
			path = MemorizeTests;
			sourceTree = "<group>";
		};
		452EEE8324A20688004589BD /* MemorizeUITests */ = {
			isa = PBXGroup;
			children = (
				452EEE8424A20688004589BD /* MemorizeUITests.swift */,
				452EEE8624A20688004589BD /* Info.plist */,
			);
			path = MemorizeUITests;
			sourceTree = "<group>";
		};
/* End PBXGroup section */

/* Begin PBXNativeTarget section */
		452EEE5E24A20686004589BD /* MemorizeSwiftUI */ = {
			isa = PBXNativeTarget;
			buildConfigurationList = 452EEE8924A20688004589BD /* Build configuration list for PBXNativeTarget "MemorizeSwiftUI" */;
			buildPhases = (
				452EEE5B24A20686004589BD /* Sources */,
				452EEE5C24A20686004589BD /* Frameworks */,
				452EEE5D24A20686004589BD /* Resources */,
			);
			buildRules = (
			);
			dependencies = (
			);
			name = MemorizeSwiftUI;
			productName = StanfordSwiftUI;
			productReference = 452EEE5F24A20686004589BD /* MemorizeSwiftUI.app */;
			productType = "com.apple.product-type.application";
		};
		452EEE7424A20688004589BD /* MemorizeTests */ = {
			isa = PBXNativeTarget;
			buildConfigurationList = 452EEE8C24A20688004589BD /* Build configuration list for PBXNativeTarget "MemorizeTests" */;
			buildPhases = (
				452EEE7124A20688004589BD /* Sources */,
				452EEE7224A20688004589BD /* Frameworks */,
				452EEE7324A20688004589BD /* Resources */,
			);
			buildRules = (
			);
			dependencies = (
				452EEE7724A20688004589BD /* PBXTargetDependency */,
			);
			name = MemorizeTests;
			productName = StanfordSwiftUITests;
			productReference = 452EEE7524A20688004589BD /* MemorizeTests.xctest */;
			productType = "com.apple.product-type.bundle.unit-test";
		};
		452EEE7F24A20688004589BD /* MemorizeUITests */ = {
			isa = PBXNativeTarget;
			buildConfigurationList = 452EEE8F24A20688004589BD /* Build configuration list for PBXNativeTarget "MemorizeUITests" */;
			buildPhases = (
				452EEE7C24A20688004589BD /* Sources */,
				452EEE7D24A20688004589BD /* Frameworks */,
				452EEE7E24A20688004589BD /* Resources */,
			);
			buildRules = (
			);
			dependencies = (
				452EEE8224A20688004589BD /* PBXTargetDependency */,
			);
			name = MemorizeUITests;
			productName = StanfordSwiftUIUITests;
			productReference = 452EEE8024A20688004589BD /* MemorizeUITests.xctest */;
			productType = "com.apple.product-type.bundle.ui-testing";
		};
/* End PBXNativeTarget section */

/* Begin PBXProject section */
		452EEE5724A20686004589BD /* Project object */ = {
			isa = PBXProject;
			attributes = {
				LastSwiftUpdateCheck = 1140;
				LastUpgradeCheck = 1140;
				ORGANIZATIONNAME = "Marcelo Sotomaior";
				TargetAttributes = {
					452EEE5E24A20686004589BD = {
						CreatedOnToolsVersion = 11.4;
					};
					452EEE7424A20688004589BD = {
						CreatedOnToolsVersion = 11.4;
						TestTargetID = 452EEE5E24A20686004589BD;
					};
					452EEE7F24A20688004589BD = {
						CreatedOnToolsVersion = 11.4;
						TestTargetID = 452EEE5E24A20686004589BD;
					};
				};
			};
			buildConfigurationList = 452EEE5A24A20686004589BD /* Build configuration list for PBXProject "MemorizeSwiftUI" */;
			compatibilityVersion = "Xcode 9.3";
			developmentRegion = en;
			hasScannedForEncodings = 0;
			knownRegions = (
				en,
				Base,
			);
			mainGroup = 452EEE5624A20686004589BD;
			productRefGroup = 452EEE6024A20686004589BD /* Products */;
			projectDirPath = "";
			projectRoot = "";
			targets = (
				452EEE5E24A20686004589BD /* MemorizeSwiftUI */,
				452EEE7424A20688004589BD /* MemorizeTests */,
				452EEE7F24A20688004589BD /* MemorizeUITests */,
			);
		};
/* End PBXProject section */

/* Begin PBXResourcesBuildPhase section */
		452EEE5D24A20686004589BD /* Resources */ = {
			isa = PBXResourcesBuildPhase;
			buildActionMask = 2147483647;
			files = (
				452EEE6F24A20688004589BD /* LaunchScreen.storyboard in Resources */,
				452EEE6C24A20688004589BD /* Preview Assets.xcassets in Resources */,
				452EEE6924A20688004589BD /* Assets.xcassets in Resources */,
			);
			runOnlyForDeploymentPostprocessing = 0;
		};
		452EEE7324A20688004589BD /* Resources */ = {
			isa = PBXResourcesBuildPhase;
			buildActionMask = 2147483647;
			files = (
			);
			runOnlyForDeploymentPostprocessing = 0;
		};
		452EEE7E24A20688004589BD /* Resources */ = {
			isa = PBXResourcesBuildPhase;
			buildActionMask = 2147483647;
			files = (
			);
			runOnlyForDeploymentPostprocessing = 0;
		};
/* End PBXResourcesBuildPhase section */

/* Begin PBXSourcesBuildPhase section */
		452EEE5B24A20686004589BD /* Sources */ = {
			isa = PBXSourcesBuildPhase;
			buildActionMask = 2147483647;
			files = (
				455B7A3124B4FB9B00F23EA3 /* Cardify.swift in Sources */,
				455B7A2F24B4E73100F23EA3 /* Pie.swift in Sources */,
				452EEE6324A20686004589BD /* AppDelegate.swift in Sources */,
				452EEE6524A20686004589BD /* SceneDelegate.swift in Sources */,
				455B7A3724B5DE4700F23EA3 /* MemoryGame.swift in Sources */,
				456F59F924A56DB70043693D /* Array+Only.swift in Sources */,
				452EEE6724A20686004589BD /* EmojiMemoryGameView.swift in Sources */,
				45CA6CE124A23A3000436668 /* EmojiMemoryGame.swift in Sources */,
				456F59F724A543BD0043693D /* Array+Identifiable.swift in Sources */,
				456F59F524A52B660043693D /* GridLayout.swift in Sources */,
				45CA6CE524A41D9200436668 /* Grid.swift in Sources */,
			);
			runOnlyForDeploymentPostprocessing = 0;
		};
		452EEE7124A20688004589BD /* Sources */ = {
			isa = PBXSourcesBuildPhase;
			buildActionMask = 2147483647;
			files = (
				455B7A3224B5DCCD00F23EA3 /* MemorizeTests.swift in Sources */,
			);
			runOnlyForDeploymentPostprocessing = 0;
		};
		452EEE7C24A20688004589BD /* Sources */ = {
			isa = PBXSourcesBuildPhase;
			buildActionMask = 2147483647;
			files = (
				455B7A3324B5DCD400F23EA3 /* MemorizeUITests.swift in Sources */,
			);
			runOnlyForDeploymentPostprocessing = 0;
		};
/* End PBXSourcesBuildPhase section */

/* Begin PBXTargetDependency section */
		452EEE7724A20688004589BD /* PBXTargetDependency */ = {
			isa = PBXTargetDependency;
			target = 452EEE5E24A20686004589BD /* MemorizeSwiftUI */;
			targetProxy = 452EEE7624A20688004589BD /* PBXContainerItemProxy */;
		};
		452EEE8224A20688004589BD /* PBXTargetDependency */ = {
			isa = PBXTargetDependency;
			target = 452EEE5E24A20686004589BD /* MemorizeSwiftUI */;
			targetProxy = 452EEE8124A20688004589BD /* PBXContainerItemProxy */;
		};
/* End PBXTargetDependency section */

/* Begin PBXVariantGroup section */
		452EEE6D24A20688004589BD /* LaunchScreen.storyboard */ = {
			isa = PBXVariantGroup;
			children = (
				452EEE6E24A20688004589BD /* Base */,
			);
			name = LaunchScreen.storyboard;
			sourceTree = "<group>";
		};
/* End PBXVariantGroup section */

/* Begin XCBuildConfiguration section */
		452EEE8724A20688004589BD /* Debug */ = {
			isa = XCBuildConfiguration;
			buildSettings = {
				ALWAYS_SEARCH_USER_PATHS = NO;
				CLANG_ANALYZER_NONNULL = YES;
				CLANG_ANALYZER_NUMBER_OBJECT_CONVERSION = YES_AGGRESSIVE;
				CLANG_CXX_LANGUAGE_STANDARD = "gnu++14";
				CLANG_CXX_LIBRARY = "libc++";
				CLANG_ENABLE_MODULES = YES;
				CLANG_ENABLE_OBJC_ARC = YES;
				CLANG_ENABLE_OBJC_WEAK = YES;
				CLANG_WARN_BLOCK_CAPTURE_AUTORELEASING = YES;
				CLANG_WARN_BOOL_CONVERSION = YES;
				CLANG_WARN_COMMA = YES;
				CLANG_WARN_CONSTANT_CONVERSION = YES;
				CLANG_WARN_DEPRECATED_OBJC_IMPLEMENTATIONS = YES;
				CLANG_WARN_DIRECT_OBJC_ISA_USAGE = YES_ERROR;
				CLANG_WARN_DOCUMENTATION_COMMENTS = YES;
				CLANG_WARN_EMPTY_BODY = YES;
				CLANG_WARN_ENUM_CONVERSION = YES;
				CLANG_WARN_INFINITE_RECURSION = YES;
				CLANG_WARN_INT_CONVERSION = YES;
				CLANG_WARN_NON_LITERAL_NULL_CONVERSION = YES;
				CLANG_WARN_OBJC_IMPLICIT_RETAIN_SELF = YES;
				CLANG_WARN_OBJC_LITERAL_CONVERSION = YES;
				CLANG_WARN_OBJC_ROOT_CLASS = YES_ERROR;
				CLANG_WARN_RANGE_LOOP_ANALYSIS = YES;
				CLANG_WARN_STRICT_PROTOTYPES = YES;
				CLANG_WARN_SUSPICIOUS_MOVE = YES;
				CLANG_WARN_UNGUARDED_AVAILABILITY = YES_AGGRESSIVE;
				CLANG_WARN_UNREACHABLE_CODE = YES;
				CLANG_WARN__DUPLICATE_METHOD_MATCH = YES;
				COPY_PHASE_STRIP = NO;
				DEBUG_INFORMATION_FORMAT = dwarf;
				ENABLE_STRICT_OBJC_MSGSEND = YES;
				ENABLE_TESTABILITY = YES;
				GCC_C_LANGUAGE_STANDARD = gnu11;
				GCC_DYNAMIC_NO_PIC = NO;
				GCC_NO_COMMON_BLOCKS = YES;
				GCC_OPTIMIZATION_LEVEL = 0;
				GCC_PREPROCESSOR_DEFINITIONS = (
					"DEBUG=1",
					"$(inherited)",
				);
				GCC_WARN_64_TO_32_BIT_CONVERSION = YES;
				GCC_WARN_ABOUT_RETURN_TYPE = YES_ERROR;
				GCC_WARN_UNDECLARED_SELECTOR = YES;
				GCC_WARN_UNINITIALIZED_AUTOS = YES_AGGRESSIVE;
				GCC_WARN_UNUSED_FUNCTION = YES;
				GCC_WARN_UNUSED_VARIABLE = YES;
				IPHONEOS_DEPLOYMENT_TARGET = 13.4;
				MTL_ENABLE_DEBUG_INFO = INCLUDE_SOURCE;
				MTL_FAST_MATH = YES;
				ONLY_ACTIVE_ARCH = YES;
				SDKROOT = iphoneos;
				SWIFT_ACTIVE_COMPILATION_CONDITIONS = DEBUG;
				SWIFT_OPTIMIZATION_LEVEL = "-Onone";
			};
			name = Debug;
		};
		452EEE8824A20688004589BD /* Release */ = {
			isa = XCBuildConfiguration;
			buildSettings = {
				ALWAYS_SEARCH_USER_PATHS = NO;
				CLANG_ANALYZER_NONNULL = YES;
				CLANG_ANALYZER_NUMBER_OBJECT_CONVERSION = YES_AGGRESSIVE;
				CLANG_CXX_LANGUAGE_STANDARD = "gnu++14";
				CLANG_CXX_LIBRARY = "libc++";
				CLANG_ENABLE_MODULES = YES;
				CLANG_ENABLE_OBJC_ARC = YES;
				CLANG_ENABLE_OBJC_WEAK = YES;
				CLANG_WARN_BLOCK_CAPTURE_AUTORELEASING = YES;
				CLANG_WARN_BOOL_CONVERSION = YES;
				CLANG_WARN_COMMA = YES;
				CLANG_WARN_CONSTANT_CONVERSION = YES;
				CLANG_WARN_DEPRECATED_OBJC_IMPLEMENTATIONS = YES;
				CLANG_WARN_DIRECT_OBJC_ISA_USAGE = YES_ERROR;
				CLANG_WARN_DOCUMENTATION_COMMENTS = YES;
				CLANG_WARN_EMPTY_BODY = YES;
				CLANG_WARN_ENUM_CONVERSION = YES;
				CLANG_WARN_INFINITE_RECURSION = YES;
				CLANG_WARN_INT_CONVERSION = YES;
				CLANG_WARN_NON_LITERAL_NULL_CONVERSION = YES;
				CLANG_WARN_OBJC_IMPLICIT_RETAIN_SELF = YES;
				CLANG_WARN_OBJC_LITERAL_CONVERSION = YES;
				CLANG_WARN_OBJC_ROOT_CLASS = YES_ERROR;
				CLANG_WARN_RANGE_LOOP_ANALYSIS = YES;
				CLANG_WARN_STRICT_PROTOTYPES = YES;
				CLANG_WARN_SUSPICIOUS_MOVE = YES;
				CLANG_WARN_UNGUARDED_AVAILABILITY = YES_AGGRESSIVE;
				CLANG_WARN_UNREACHABLE_CODE = YES;
				CLANG_WARN__DUPLICATE_METHOD_MATCH = YES;
				COPY_PHASE_STRIP = NO;
				DEBUG_INFORMATION_FORMAT = "dwarf-with-dsym";
				ENABLE_NS_ASSERTIONS = NO;
				ENABLE_STRICT_OBJC_MSGSEND = YES;
				GCC_C_LANGUAGE_STANDARD = gnu11;
				GCC_NO_COMMON_BLOCKS = YES;
				GCC_WARN_64_TO_32_BIT_CONVERSION = YES;
				GCC_WARN_ABOUT_RETURN_TYPE = YES_ERROR;
				GCC_WARN_UNDECLARED_SELECTOR = YES;
				GCC_WARN_UNINITIALIZED_AUTOS = YES_AGGRESSIVE;
				GCC_WARN_UNUSED_FUNCTION = YES;
				GCC_WARN_UNUSED_VARIABLE = YES;
				IPHONEOS_DEPLOYMENT_TARGET = 13.4;
				MTL_ENABLE_DEBUG_INFO = NO;
				MTL_FAST_MATH = YES;
				SDKROOT = iphoneos;
				SWIFT_COMPILATION_MODE = wholemodule;
				SWIFT_OPTIMIZATION_LEVEL = "-O";
				VALIDATE_PRODUCT = YES;
			};
			name = Release;
		};
		452EEE8A24A20688004589BD /* Debug */ = {
			isa = XCBuildConfiguration;
			buildSettings = {
				ASSETCATALOG_COMPILER_APPICON_NAME = AppIcon;
				CODE_SIGN_STYLE = Automatic;
				DEVELOPMENT_ASSET_PATHS = "\"MemorizeSwiftUI/Preview Content\"";
				DEVELOPMENT_TEAM = 6L9L4MT67F;
				ENABLE_PREVIEWS = YES;
				INFOPLIST_FILE = MemorizeSwiftUI/Info.plist;
				LD_RUNPATH_SEARCH_PATHS = (
					"$(inherited)",
					"@executable_path/Frameworks",
				);
				PRODUCT_BUNDLE_IDENTIFIER = com.marcelo.StanfordSwiftUI;
				PRODUCT_NAME = "$(TARGET_NAME)";
				SWIFT_VERSION = 5.0;
				TARGETED_DEVICE_FAMILY = "1,2";
			};
			name = Debug;
		};
		452EEE8B24A20688004589BD /* Release */ = {
			isa = XCBuildConfiguration;
			buildSettings = {
				ASSETCATALOG_COMPILER_APPICON_NAME = AppIcon;
				CODE_SIGN_STYLE = Automatic;
				DEVELOPMENT_ASSET_PATHS = "\"MemorizeSwiftUI/Preview Content\"";
				DEVELOPMENT_TEAM = 6L9L4MT67F;
				ENABLE_PREVIEWS = YES;
				INFOPLIST_FILE = MemorizeSwiftUI/Info.plist;
				LD_RUNPATH_SEARCH_PATHS = (
					"$(inherited)",
					"@executable_path/Frameworks",
				);
				PRODUCT_BUNDLE_IDENTIFIER = com.marcelo.StanfordSwiftUI;
				PRODUCT_NAME = "$(TARGET_NAME)";
				SWIFT_VERSION = 5.0;
				TARGETED_DEVICE_FAMILY = "1,2";
			};
			name = Release;
		};
		452EEE8D24A20688004589BD /* Debug */ = {
			isa = XCBuildConfiguration;
			buildSettings = {
				ALWAYS_EMBED_SWIFT_STANDARD_LIBRARIES = YES;
				BUNDLE_LOADER = "$(TEST_HOST)";
				CODE_SIGN_STYLE = Automatic;
				DEVELOPMENT_TEAM = 6L9L4MT67F;
				INFOPLIST_FILE = MemorizeTests/Info.plist;
				IPHONEOS_DEPLOYMENT_TARGET = 13.4;
				LD_RUNPATH_SEARCH_PATHS = (
					"$(inherited)",
					"@executable_path/Frameworks",
					"@loader_path/Frameworks",
				);
				PRODUCT_BUNDLE_IDENTIFIER = com.marcelo.MemorizeUITests;
				PRODUCT_NAME = "$(TARGET_NAME)";
				SWIFT_VERSION = 5.0;
				TARGETED_DEVICE_FAMILY = "1,2";
				TEST_HOST = "$(BUILT_PRODUCTS_DIR)/MemorizeSwiftUI.app/MemorizeSwiftUI";
			};
			name = Debug;
		};
		452EEE8E24A20688004589BD /* Release */ = {
			isa = XCBuildConfiguration;
			buildSettings = {
				ALWAYS_EMBED_SWIFT_STANDARD_LIBRARIES = YES;
				BUNDLE_LOADER = "$(TEST_HOST)";
				CODE_SIGN_STYLE = Automatic;
				DEVELOPMENT_TEAM = 6L9L4MT67F;
				INFOPLIST_FILE = MemorizeTests/Info.plist;
				IPHONEOS_DEPLOYMENT_TARGET = 13.4;
				LD_RUNPATH_SEARCH_PATHS = (
					"$(inherited)",
					"@executable_path/Frameworks",
					"@loader_path/Frameworks",
				);
				PRODUCT_BUNDLE_IDENTIFIER = com.marcelo.MemorizeUITests;
				PRODUCT_NAME = "$(TARGET_NAME)";
				SWIFT_VERSION = 5.0;
				TARGETED_DEVICE_FAMILY = "1,2";
				TEST_HOST = "$(BUILT_PRODUCTS_DIR)/MemorizeSwiftUI.app/MemorizeSwiftUI";
			};
			name = Release;
		};
		452EEE9024A20688004589BD /* Debug */ = {
			isa = XCBuildConfiguration;
			buildSettings = {
				ALWAYS_EMBED_SWIFT_STANDARD_LIBRARIES = YES;
				CODE_SIGN_STYLE = Automatic;
				DEVELOPMENT_TEAM = 6L9L4MT67F;
				INFOPLIST_FILE = MemorizeUITests/Info.plist;
				LD_RUNPATH_SEARCH_PATHS = (
					"$(inherited)",
					"@executable_path/Frameworks",
					"@loader_path/Frameworks",
				);
				PRODUCT_BUNDLE_IDENTIFIER = com.marcelo.MemorizeUITests;
				PRODUCT_NAME = "$(TARGET_NAME)";
				SWIFT_VERSION = 5.0;
				TARGETED_DEVICE_FAMILY = "1,2";
				TEST_TARGET_NAME = MemorizeSwiftUI;
			};
			name = Debug;
		};
		452EEE9124A20688004589BD /* Release */ = {
			isa = XCBuildConfiguration;
			buildSettings = {
				ALWAYS_EMBED_SWIFT_STANDARD_LIBRARIES = YES;
				CODE_SIGN_STYLE = Automatic;
				DEVELOPMENT_TEAM = 6L9L4MT67F;
				INFOPLIST_FILE = MemorizeUITests/Info.plist;
				LD_RUNPATH_SEARCH_PATHS = (
					"$(inherited)",
					"@executable_path/Frameworks",
					"@loader_path/Frameworks",
				);
				PRODUCT_BUNDLE_IDENTIFIER = com.marcelo.MemorizeUITests;
				PRODUCT_NAME = "$(TARGET_NAME)";
				SWIFT_VERSION = 5.0;
				TARGETED_DEVICE_FAMILY = "1,2";
				TEST_TARGET_NAME = MemorizeSwiftUI;
			};
			name = Release;
		};
/* End XCBuildConfiguration section */

/* Begin XCConfigurationList section */
		452EEE5A24A20686004589BD /* Build configuration list for PBXProject "MemorizeSwiftUI" */ = {
			isa = XCConfigurationList;
			buildConfigurations = (
				452EEE8724A20688004589BD /* Debug */,
				452EEE8824A20688004589BD /* Release */,
			);
			defaultConfigurationIsVisible = 0;
			defaultConfigurationName = Release;
		};
		452EEE8924A20688004589BD /* Build configuration list for PBXNativeTarget "MemorizeSwiftUI" */ = {
			isa = XCConfigurationList;
			buildConfigurations = (
				452EEE8A24A20688004589BD /* Debug */,
				452EEE8B24A20688004589BD /* Release */,
			);
			defaultConfigurationIsVisible = 0;
			defaultConfigurationName = Release;
		};
		452EEE8C24A20688004589BD /* Build configuration list for PBXNativeTarget "MemorizeTests" */ = {
			isa = XCConfigurationList;
			buildConfigurations = (
				452EEE8D24A20688004589BD /* Debug */,
				452EEE8E24A20688004589BD /* Release */,
			);
			defaultConfigurationIsVisible = 0;
			defaultConfigurationName = Release;
		};
		452EEE8F24A20688004589BD /* Build configuration list for PBXNativeTarget "MemorizeUITests" */ = {
			isa = XCConfigurationList;
			buildConfigurations = (
				452EEE9024A20688004589BD /* Debug */,
				452EEE9124A20688004589BD /* Release */,
			);
			defaultConfigurationIsVisible = 0;
			defaultConfigurationName = Release;
		};
/* End XCConfigurationList section */
	};
	rootObject = 452EEE5724A20686004589BD /* Project object */;
}
